// !$*UTF8*$!
{
	archiveVersion = 1;
	classes = {
	};
	objectVersion = 56;
	objects = {

/* Begin PBXBuildFile section */
		08280CE829E4AD6200E22AF1 /* UnwindApp.swift in Sources */ = {isa = PBXBuildFile; fileRef = 08280CE729E4AD6200E22AF1 /* UnwindApp.swift */; };
		08280CEA29E4AD6200E22AF1 /* ContentView.swift in Sources */ = {isa = PBXBuildFile; fileRef = 08280CE929E4AD6200E22AF1 /* ContentView.swift */; };
		08280CEC29E4AD6300E22AF1 /* Assets.xcassets in Resources */ = {isa = PBXBuildFile; fileRef = 08280CEB29E4AD6300E22AF1 /* Assets.xcassets */; };
		08280CF929E4AD6300E22AF1 /* UnwindTests.swift in Sources */ = {isa = PBXBuildFile; fileRef = 08280CF829E4AD6300E22AF1 /* UnwindTests.swift */; };
		08280D0329E4AD6300E22AF1 /* UnwindUITests.swift in Sources */ = {isa = PBXBuildFile; fileRef = 08280D0229E4AD6300E22AF1 /* UnwindUITests.swift */; };
		08280D0529E4AD6300E22AF1 /* UnwindUITestsLaunchTests.swift in Sources */ = {isa = PBXBuildFile; fileRef = 08280D0429E4AD6300E22AF1 /* UnwindUITestsLaunchTests.swift */; };
		0861C68729E55589000FA79A /* Preview Content in Resources */ = {isa = PBXBuildFile; fileRef = 0861C68629E55589000FA79A /* Preview Content */; };
		088B06D729E4D16A00DB8D22 /* Montserrat-SemiBold.otf in Resources */ = {isa = PBXBuildFile; fileRef = 088B06D629E4D16A00DB8D22 /* Montserrat-SemiBold.otf */; };
		088B06D929E4D17500DB8D22 /* Montserrat-Regular.otf in Resources */ = {isa = PBXBuildFile; fileRef = 088B06D829E4D17500DB8D22 /* Montserrat-Regular.otf */; };
		088B06DB29E4D18500DB8D22 /* Montserrat-Medium.otf in Resources */ = {isa = PBXBuildFile; fileRef = 088B06DA29E4D18500DB8D22 /* Montserrat-Medium.otf */; };
		088B06DD29E4D19B00DB8D22 /* Montserrat-Light.otf in Resources */ = {isa = PBXBuildFile; fileRef = 088B06DC29E4D19B00DB8D22 /* Montserrat-Light.otf */; };
		088B06DF29E4D24100DB8D22 /* MontserratAlternates-Bold.otf in Resources */ = {isa = PBXBuildFile; fileRef = 088B06DE29E4D24100DB8D22 /* MontserratAlternates-Bold.otf */; };
		088B06E329E4F00600DB8D22 /* Meditate.swift in Sources */ = {isa = PBXBuildFile; fileRef = 088B06E229E4F00600DB8D22 /* Meditate.swift */; };
		088B06E529E4F54A00DB8D22 /* Journal.swift in Sources */ = {isa = PBXBuildFile; fileRef = 088B06E429E4F54A00DB8D22 /* Journal.swift */; };
		088B06E729E4F55300DB8D22 /* Reminders.swift in Sources */ = {isa = PBXBuildFile; fileRef = 088B06E629E4F55300DB8D22 /* Reminders.swift */; };
		088B06E929E4F56C00DB8D22 /* JournalModel.swift in Sources */ = {isa = PBXBuildFile; fileRef = 088B06E829E4F56C00DB8D22 /* JournalModel.swift */; };
		088B06EB29E4F57600DB8D22 /* MeditateModel.swift in Sources */ = {isa = PBXBuildFile; fileRef = 088B06EA29E4F57600DB8D22 /* MeditateModel.swift */; };
		088B06ED29E4F58100DB8D22 /* ReminderModel.swift in Sources */ = {isa = PBXBuildFile; fileRef = 088B06EC29E4F58100DB8D22 /* ReminderModel.swift */; };
		088B06EF29E4F5AF00DB8D22 /* JournalEntryList.swift in Sources */ = {isa = PBXBuildFile; fileRef = 088B06EE29E4F5AF00DB8D22 /* JournalEntryList.swift */; };
		088B06F129E4F7C800DB8D22 /* RemindersViewModel.swift in Sources */ = {isa = PBXBuildFile; fileRef = 088B06F029E4F7C800DB8D22 /* RemindersViewModel.swift */; };
		088B06F329E4F7DA00DB8D22 /* MeditateViewModel.swift in Sources */ = {isa = PBXBuildFile; fileRef = 088B06F229E4F7DA00DB8D22 /* MeditateViewModel.swift */; };
		089951A329E75B1300F7B695 /* JournalEntryViewModel.swift in Sources */ = {isa = PBXBuildFile; fileRef = 089951A229E75B1300F7B695 /* JournalEntryViewModel.swift */; };
		08C72DEF29E4C53A009408A7 /* Extensions.swift in Sources */ = {isa = PBXBuildFile; fileRef = 08C72DEE29E4C53A009408A7 /* Extensions.swift */; };
/* End PBXBuildFile section */

/* Begin PBXContainerItemProxy section */
		08280CF529E4AD6300E22AF1 /* PBXContainerItemProxy */ = {
			isa = PBXContainerItemProxy;
			containerPortal = 08280CDC29E4AD6200E22AF1 /* Project object */;
			proxyType = 1;
			remoteGlobalIDString = 08280CE329E4AD6200E22AF1;
			remoteInfo = Unwind;
		};
		08280CFF29E4AD6300E22AF1 /* PBXContainerItemProxy */ = {
			isa = PBXContainerItemProxy;
			containerPortal = 08280CDC29E4AD6200E22AF1 /* Project object */;
			proxyType = 1;
			remoteGlobalIDString = 08280CE329E4AD6200E22AF1;
			remoteInfo = Unwind;
		};
/* End PBXContainerItemProxy section */

/* Begin PBXFileReference section */
		08280CE429E4AD6200E22AF1 /* Unwind.app */ = {isa = PBXFileReference; explicitFileType = wrapper.application; includeInIndex = 0; path = Unwind.app; sourceTree = BUILT_PRODUCTS_DIR; };
		08280CE729E4AD6200E22AF1 /* UnwindApp.swift */ = {isa = PBXFileReference; lastKnownFileType = sourcecode.swift; path = UnwindApp.swift; sourceTree = "<group>"; };
		08280CE929E4AD6200E22AF1 /* ContentView.swift */ = {isa = PBXFileReference; lastKnownFileType = sourcecode.swift; path = ContentView.swift; sourceTree = "<group>"; };
		08280CEB29E4AD6300E22AF1 /* Assets.xcassets */ = {isa = PBXFileReference; lastKnownFileType = folder.assetcatalog; path = Assets.xcassets; sourceTree = "<group>"; };
		08280CF429E4AD6300E22AF1 /* UnwindTests.xctest */ = {isa = PBXFileReference; explicitFileType = wrapper.cfbundle; includeInIndex = 0; path = UnwindTests.xctest; sourceTree = BUILT_PRODUCTS_DIR; };
		08280CF829E4AD6300E22AF1 /* UnwindTests.swift */ = {isa = PBXFileReference; lastKnownFileType = sourcecode.swift; path = UnwindTests.swift; sourceTree = "<group>"; };
		08280CFE29E4AD6300E22AF1 /* UnwindUITests.xctest */ = {isa = PBXFileReference; explicitFileType = wrapper.cfbundle; includeInIndex = 0; path = UnwindUITests.xctest; sourceTree = BUILT_PRODUCTS_DIR; };
		08280D0229E4AD6300E22AF1 /* UnwindUITests.swift */ = {isa = PBXFileReference; lastKnownFileType = sourcecode.swift; path = UnwindUITests.swift; sourceTree = "<group>"; };
		08280D0429E4AD6300E22AF1 /* UnwindUITestsLaunchTests.swift */ = {isa = PBXFileReference; lastKnownFileType = sourcecode.swift; path = UnwindUITestsLaunchTests.swift; sourceTree = "<group>"; };
		0861C68629E55589000FA79A /* Preview Content */ = {isa = PBXFileReference; lastKnownFileType = folder; name = "Preview Content"; path = "Model/Preview Content"; sourceTree = "<group>"; };
		088B06D629E4D16A00DB8D22 /* Montserrat-SemiBold.otf */ = {isa = PBXFileReference; lastKnownFileType = file; path = "Montserrat-SemiBold.otf"; sourceTree = "<group>"; };
		088B06D829E4D17500DB8D22 /* Montserrat-Regular.otf */ = {isa = PBXFileReference; lastKnownFileType = file; path = "Montserrat-Regular.otf"; sourceTree = "<group>"; };
		088B06DA29E4D18500DB8D22 /* Montserrat-Medium.otf */ = {isa = PBXFileReference; lastKnownFileType = file; path = "Montserrat-Medium.otf"; sourceTree = "<group>"; };
		088B06DC29E4D19B00DB8D22 /* Montserrat-Light.otf */ = {isa = PBXFileReference; lastKnownFileType = file; path = "Montserrat-Light.otf"; sourceTree = "<group>"; };
		088B06DE29E4D24100DB8D22 /* MontserratAlternates-Bold.otf */ = {isa = PBXFileReference; lastKnownFileType = file; path = "MontserratAlternates-Bold.otf"; sourceTree = "<group>"; };
		088B06E229E4F00600DB8D22 /* Meditate.swift */ = {isa = PBXFileReference; lastKnownFileType = sourcecode.swift; path = Meditate.swift; sourceTree = "<group>"; };
		088B06E429E4F54A00DB8D22 /* Journal.swift */ = {isa = PBXFileReference; lastKnownFileType = sourcecode.swift; path = Journal.swift; sourceTree = "<group>"; };
		088B06E629E4F55300DB8D22 /* Reminders.swift */ = {isa = PBXFileReference; lastKnownFileType = sourcecode.swift; path = Reminders.swift; sourceTree = "<group>"; };
		088B06E829E4F56C00DB8D22 /* JournalModel.swift */ = {isa = PBXFileReference; lastKnownFileType = sourcecode.swift; path = JournalModel.swift; sourceTree = "<group>"; };
		088B06EA29E4F57600DB8D22 /* MeditateModel.swift */ = {isa = PBXFileReference; lastKnownFileType = sourcecode.swift; path = MeditateModel.swift; sourceTree = "<group>"; };
		088B06EC29E4F58100DB8D22 /* ReminderModel.swift */ = {isa = PBXFileReference; lastKnownFileType = sourcecode.swift; path = ReminderModel.swift; sourceTree = "<group>"; };
		088B06EE29E4F5AF00DB8D22 /* JournalEntryList.swift */ = {isa = PBXFileReference; lastKnownFileType = sourcecode.swift; path = JournalEntryList.swift; sourceTree = "<group>"; };
		088B06F029E4F7C800DB8D22 /* RemindersViewModel.swift */ = {isa = PBXFileReference; lastKnownFileType = sourcecode.swift; path = RemindersViewModel.swift; sourceTree = "<group>"; };
		088B06F229E4F7DA00DB8D22 /* MeditateViewModel.swift */ = {isa = PBXFileReference; lastKnownFileType = sourcecode.swift; path = MeditateViewModel.swift; sourceTree = "<group>"; };
		089951A229E75B1300F7B695 /* JournalEntryViewModel.swift */ = {isa = PBXFileReference; lastKnownFileType = sourcecode.swift; path = JournalEntryViewModel.swift; sourceTree = "<group>"; };
		08C72DEC29E4B652009408A7 /* Info.plist */ = {isa = PBXFileReference; lastKnownFileType = text.plist; path = Info.plist; sourceTree = "<group>"; };
		08C72DEE29E4C53A009408A7 /* Extensions.swift */ = {isa = PBXFileReference; lastKnownFileType = sourcecode.swift; path = Extensions.swift; sourceTree = "<group>"; };
/* End PBXFileReference section */

/* Begin PBXFrameworksBuildPhase section */
		08280CE129E4AD6200E22AF1 /* Frameworks */ = {
			isa = PBXFrameworksBuildPhase;
			buildActionMask = 2147483647;
			files = (
			);
			runOnlyForDeploymentPostprocessing = 0;
		};
		08280CF129E4AD6300E22AF1 /* Frameworks */ = {
			isa = PBXFrameworksBuildPhase;
			buildActionMask = 2147483647;
			files = (
			);
			runOnlyForDeploymentPostprocessing = 0;
		};
		08280CFB29E4AD6300E22AF1 /* Frameworks */ = {
			isa = PBXFrameworksBuildPhase;
			buildActionMask = 2147483647;
			files = (
			);
			runOnlyForDeploymentPostprocessing = 0;
		};
/* End PBXFrameworksBuildPhase section */

/* Begin PBXGroup section */
		08280CDB29E4AD6200E22AF1 = {
			isa = PBXGroup;
			children = (
				08280CE629E4AD6200E22AF1 /* Unwind */,
				08280CF729E4AD6300E22AF1 /* UnwindTests */,
				08280D0129E4AD6300E22AF1 /* UnwindUITests */,
				08280CE529E4AD6200E22AF1 /* Products */,
			);
			sourceTree = "<group>";
		};
		08280CE529E4AD6200E22AF1 /* Products */ = {
			isa = PBXGroup;
			children = (
				08280CE429E4AD6200E22AF1 /* Unwind.app */,
				08280CF429E4AD6300E22AF1 /* UnwindTests.xctest */,
				08280CFE29E4AD6300E22AF1 /* UnwindUITests.xctest */,
			);
			name = Products;
			sourceTree = "<group>";
		};
		08280CE629E4AD6200E22AF1 /* Unwind */ = {
			isa = PBXGroup;
			children = (
				08C72DEC29E4B652009408A7 /* Info.plist */,
				08280CE729E4AD6200E22AF1 /* UnwindApp.swift */,
				08280CE929E4AD6200E22AF1 /* ContentView.swift */,
				088B06F629E4F80C00DB8D22 /* Model */,
				08C72DED29E4C401009408A7 /* Resources */,
				088B06F829E4F85400DB8D22 /* Utilities */,
				088B06F929E4F86A00DB8D22 /* View */,
				088B06F729E4F83600DB8D22 /* ViewController */,
				0861C68629E55589000FA79A /* Preview Content */,
			);
			path = Unwind;
			sourceTree = "<group>";
		};
		08280CF729E4AD6300E22AF1 /* UnwindTests */ = {
			isa = PBXGroup;
			children = (
				08280CF829E4AD6300E22AF1 /* UnwindTests.swift */,
			);
			path = UnwindTests;
			sourceTree = "<group>";
		};
		08280D0129E4AD6300E22AF1 /* UnwindUITests */ = {
			isa = PBXGroup;
			children = (
				08280D0229E4AD6300E22AF1 /* UnwindUITests.swift */,
				08280D0429E4AD6300E22AF1 /* UnwindUITestsLaunchTests.swift */,
			);
			path = UnwindUITests;
			sourceTree = "<group>";
		};
		088B06F629E4F80C00DB8D22 /* Model */ = {
			isa = PBXGroup;
			children = (
				088B06EA29E4F57600DB8D22 /* MeditateModel.swift */,
				088B06E829E4F56C00DB8D22 /* JournalModel.swift */,
				088B06EC29E4F58100DB8D22 /* ReminderModel.swift */,
			);
			path = Model;
			sourceTree = "<group>";
		};
		088B06F729E4F83600DB8D22 /* ViewController */ = {
			isa = PBXGroup;
			children = (
				088B06F229E4F7DA00DB8D22 /* MeditateViewModel.swift */,
				089951A229E75B1300F7B695 /* JournalEntryViewModel.swift */,
				088B06F029E4F7C800DB8D22 /* RemindersViewModel.swift */,
			);
			path = ViewController;
			sourceTree = "<group>";
		};
		088B06F829E4F85400DB8D22 /* Utilities */ = {
			isa = PBXGroup;
			children = (
				08C72DEE29E4C53A009408A7 /* Extensions.swift */,
			);
			path = Utilities;
			sourceTree = "<group>";
		};
		088B06F929E4F86A00DB8D22 /* View */ = {
			isa = PBXGroup;
			children = (
				088B06E229E4F00600DB8D22 /* Meditate.swift */,
				088B06EE29E4F5AF00DB8D22 /* JournalEntryList.swift */,
				088B06E429E4F54A00DB8D22 /* Journal.swift */,
				088B06E629E4F55300DB8D22 /* Reminders.swift */,
			);
			path = View;
			sourceTree = "<group>";
		};
		08C72DE129E4B407009408A7 /* Fonts */ = {
			isa = PBXGroup;
			children = (
				088B06DC29E4D19B00DB8D22 /* Montserrat-Light.otf */,
				088B06D629E4D16A00DB8D22 /* Montserrat-SemiBold.otf */,
				088B06DA29E4D18500DB8D22 /* Montserrat-Medium.otf */,
				088B06DE29E4D24100DB8D22 /* MontserratAlternates-Bold.otf */,
				088B06D829E4D17500DB8D22 /* Montserrat-Regular.otf */,
			);
			path = Fonts;
			sourceTree = "<group>";
		};
		08C72DED29E4C401009408A7 /* Resources */ = {
			isa = PBXGroup;
			children = (
				08280CEB29E4AD6300E22AF1 /* Assets.xcassets */,
				08C72DE129E4B407009408A7 /* Fonts */,
			);
			path = Resources;
			sourceTree = "<group>";
		};
/* End PBXGroup section */

/* Begin PBXNativeTarget section */
		08280CE329E4AD6200E22AF1 /* Unwind */ = {
			isa = PBXNativeTarget;
			buildConfigurationList = 08280D0829E4AD6300E22AF1 /* Build configuration list for PBXNativeTarget "Unwind" */;
			buildPhases = (
				08280CE029E4AD6200E22AF1 /* Sources */,
				08280CE129E4AD6200E22AF1 /* Frameworks */,
				08280CE229E4AD6200E22AF1 /* Resources */,
			);
			buildRules = (
			);
			dependencies = (
			);
			name = Unwind;
			packageProductDependencies = (
			);
			productName = Unwind;
			productReference = 08280CE429E4AD6200E22AF1 /* Unwind.app */;
			productType = "com.apple.product-type.application";
		};
		08280CF329E4AD6300E22AF1 /* UnwindTests */ = {
			isa = PBXNativeTarget;
			buildConfigurationList = 08280D0B29E4AD6300E22AF1 /* Build configuration list for PBXNativeTarget "UnwindTests" */;
			buildPhases = (
				08280CF029E4AD6300E22AF1 /* Sources */,
				08280CF129E4AD6300E22AF1 /* Frameworks */,
				08280CF229E4AD6300E22AF1 /* Resources */,
			);
			buildRules = (
			);
			dependencies = (
				08280CF629E4AD6300E22AF1 /* PBXTargetDependency */,
			);
			name = UnwindTests;
			productName = UnwindTests;
			productReference = 08280CF429E4AD6300E22AF1 /* UnwindTests.xctest */;
			productType = "com.apple.product-type.bundle.unit-test";
		};
		08280CFD29E4AD6300E22AF1 /* UnwindUITests */ = {
			isa = PBXNativeTarget;
			buildConfigurationList = 08280D0E29E4AD6300E22AF1 /* Build configuration list for PBXNativeTarget "UnwindUITests" */;
			buildPhases = (
				08280CFA29E4AD6300E22AF1 /* Sources */,
				08280CFB29E4AD6300E22AF1 /* Frameworks */,
				08280CFC29E4AD6300E22AF1 /* Resources */,
			);
			buildRules = (
			);
			dependencies = (
				08280D0029E4AD6300E22AF1 /* PBXTargetDependency */,
			);
			name = UnwindUITests;
			productName = UnwindUITests;
			productReference = 08280CFE29E4AD6300E22AF1 /* UnwindUITests.xctest */;
			productType = "com.apple.product-type.bundle.ui-testing";
		};
/* End PBXNativeTarget section */

/* Begin PBXProject section */
		08280CDC29E4AD6200E22AF1 /* Project object */ = {
			isa = PBXProject;
			attributes = {
				BuildIndependentTargetsInParallel = 1;
				LastSwiftUpdateCheck = 1430;
				LastUpgradeCheck = 1430;
				TargetAttributes = {
					08280CE329E4AD6200E22AF1 = {
						CreatedOnToolsVersion = 14.3;
					};
					08280CF329E4AD6300E22AF1 = {
						CreatedOnToolsVersion = 14.3;
						TestTargetID = 08280CE329E4AD6200E22AF1;
					};
					08280CFD29E4AD6300E22AF1 = {
						CreatedOnToolsVersion = 14.3;
						TestTargetID = 08280CE329E4AD6200E22AF1;
					};
				};
			};
			buildConfigurationList = 08280CDF29E4AD6200E22AF1 /* Build configuration list for PBXProject "Unwind" */;
			compatibilityVersion = "Xcode 14.0";
			developmentRegion = en;
			hasScannedForEncodings = 0;
			knownRegions = (
				en,
				Base,
			);
			mainGroup = 08280CDB29E4AD6200E22AF1;
			packageReferences = (
			);
			productRefGroup = 08280CE529E4AD6200E22AF1 /* Products */;
			projectDirPath = "";
			projectRoot = "";
			targets = (
				08280CE329E4AD6200E22AF1 /* Unwind */,
				08280CF329E4AD6300E22AF1 /* UnwindTests */,
				08280CFD29E4AD6300E22AF1 /* UnwindUITests */,
			);
		};
/* End PBXProject section */

/* Begin PBXResourcesBuildPhase section */
		08280CE229E4AD6200E22AF1 /* Resources */ = {
			isa = PBXResourcesBuildPhase;
			buildActionMask = 2147483647;
			files = (
				088B06D729E4D16A00DB8D22 /* Montserrat-SemiBold.otf in Resources */,
				088B06DB29E4D18500DB8D22 /* Montserrat-Medium.otf in Resources */,
				0861C68729E55589000FA79A /* Preview Content in Resources */,
				088B06DF29E4D24100DB8D22 /* MontserratAlternates-Bold.otf in Resources */,
				08280CEC29E4AD6300E22AF1 /* Assets.xcassets in Resources */,
				088B06D929E4D17500DB8D22 /* Montserrat-Regular.otf in Resources */,
				088B06DD29E4D19B00DB8D22 /* Montserrat-Light.otf in Resources */,
			);
			runOnlyForDeploymentPostprocessing = 0;
		};
		08280CF229E4AD6300E22AF1 /* Resources */ = {
			isa = PBXResourcesBuildPhase;
			buildActionMask = 2147483647;
			files = (
			);
			runOnlyForDeploymentPostprocessing = 0;
		};
		08280CFC29E4AD6300E22AF1 /* Resources */ = {
			isa = PBXResourcesBuildPhase;
			buildActionMask = 2147483647;
			files = (
			);
			runOnlyForDeploymentPostprocessing = 0;
		};
/* End PBXResourcesBuildPhase section */

/* Begin PBXSourcesBuildPhase section */
		08280CE029E4AD6200E22AF1 /* Sources */ = {
			isa = PBXSourcesBuildPhase;
			buildActionMask = 2147483647;
			files = (
				089951A329E75B1300F7B695 /* JournalEntryViewModel.swift in Sources */,
				08280CEA29E4AD6200E22AF1 /* ContentView.swift in Sources */,
				088B06E529E4F54A00DB8D22 /* Journal.swift in Sources */,
				08C72DEF29E4C53A009408A7 /* Extensions.swift in Sources */,
				088B06E729E4F55300DB8D22 /* Reminders.swift in Sources */,
				088B06EB29E4F57600DB8D22 /* MeditateModel.swift in Sources */,
				088B06E929E4F56C00DB8D22 /* JournalModel.swift in Sources */,
				088B06EF29E4F5AF00DB8D22 /* JournalEntryList.swift in Sources */,
				088B06E329E4F00600DB8D22 /* Meditate.swift in Sources */,
				08280CE829E4AD6200E22AF1 /* UnwindApp.swift in Sources */,
				088B06F129E4F7C800DB8D22 /* RemindersViewModel.swift in Sources */,
				088B06ED29E4F58100DB8D22 /* ReminderModel.swift in Sources */,
				088B06F329E4F7DA00DB8D22 /* MeditateViewModel.swift in Sources */,
			);
			runOnlyForDeploymentPostprocessing = 0;
		};
		08280CF029E4AD6300E22AF1 /* Sources */ = {
			isa = PBXSourcesBuildPhase;
			buildActionMask = 2147483647;
			files = (
				08280CF929E4AD6300E22AF1 /* UnwindTests.swift in Sources */,
			);
			runOnlyForDeploymentPostprocessing = 0;
		};
		08280CFA29E4AD6300E22AF1 /* Sources */ = {
			isa = PBXSourcesBuildPhase;
			buildActionMask = 2147483647;
			files = (
				08280D0329E4AD6300E22AF1 /* UnwindUITests.swift in Sources */,
				08280D0529E4AD6300E22AF1 /* UnwindUITestsLaunchTests.swift in Sources */,
			);
			runOnlyForDeploymentPostprocessing = 0;
		};
/* End PBXSourcesBuildPhase section */

/* Begin PBXTargetDependency section */
		08280CF629E4AD6300E22AF1 /* PBXTargetDependency */ = {
			isa = PBXTargetDependency;
			target = 08280CE329E4AD6200E22AF1 /* Unwind */;
			targetProxy = 08280CF529E4AD6300E22AF1 /* PBXContainerItemProxy */;
		};
		08280D0029E4AD6300E22AF1 /* PBXTargetDependency */ = {
			isa = PBXTargetDependency;
			target = 08280CE329E4AD6200E22AF1 /* Unwind */;
			targetProxy = 08280CFF29E4AD6300E22AF1 /* PBXContainerItemProxy */;
		};
/* End PBXTargetDependency section */

/* Begin XCBuildConfiguration section */
		08280D0629E4AD6300E22AF1 /* Debug */ = {
			isa = XCBuildConfiguration;
			buildSettings = {
				ALWAYS_SEARCH_USER_PATHS = NO;
				CLANG_ANALYZER_NONNULL = YES;
				CLANG_ANALYZER_NUMBER_OBJECT_CONVERSION = YES_AGGRESSIVE;
				CLANG_CXX_LANGUAGE_STANDARD = "gnu++20";
				CLANG_ENABLE_MODULES = YES;
				CLANG_ENABLE_OBJC_ARC = YES;
				CLANG_ENABLE_OBJC_WEAK = YES;
				CLANG_WARN_BLOCK_CAPTURE_AUTORELEASING = YES;
				CLANG_WARN_BOOL_CONVERSION = YES;
				CLANG_WARN_COMMA = YES;
				CLANG_WARN_CONSTANT_CONVERSION = YES;
				CLANG_WARN_DEPRECATED_OBJC_IMPLEMENTATIONS = YES;
				CLANG_WARN_DIRECT_OBJC_ISA_USAGE = YES_ERROR;
				CLANG_WARN_DOCUMENTATION_COMMENTS = YES;
				CLANG_WARN_EMPTY_BODY = YES;
				CLANG_WARN_ENUM_CONVERSION = YES;
				CLANG_WARN_INFINITE_RECURSION = YES;
				CLANG_WARN_INT_CONVERSION = YES;
				CLANG_WARN_NON_LITERAL_NULL_CONVERSION = YES;
				CLANG_WARN_OBJC_IMPLICIT_RETAIN_SELF = YES;
				CLANG_WARN_OBJC_LITERAL_CONVERSION = YES;
				CLANG_WARN_OBJC_ROOT_CLASS = YES_ERROR;
				CLANG_WARN_QUOTED_INCLUDE_IN_FRAMEWORK_HEADER = YES;
				CLANG_WARN_RANGE_LOOP_ANALYSIS = YES;
				CLANG_WARN_STRICT_PROTOTYPES = YES;
				CLANG_WARN_SUSPICIOUS_MOVE = YES;
				CLANG_WARN_UNGUARDED_AVAILABILITY = YES_AGGRESSIVE;
				CLANG_WARN_UNREACHABLE_CODE = YES;
				CLANG_WARN__DUPLICATE_METHOD_MATCH = YES;
				COPY_PHASE_STRIP = NO;
				DEBUG_INFORMATION_FORMAT = dwarf;
				ENABLE_STRICT_OBJC_MSGSEND = YES;
				ENABLE_TESTABILITY = YES;
				GCC_C_LANGUAGE_STANDARD = gnu11;
				GCC_DYNAMIC_NO_PIC = NO;
				GCC_NO_COMMON_BLOCKS = YES;
				GCC_OPTIMIZATION_LEVEL = 0;
				GCC_PREPROCESSOR_DEFINITIONS = (
					"DEBUG=1",
					"$(inherited)",
				);
				GCC_WARN_64_TO_32_BIT_CONVERSION = YES;
				GCC_WARN_ABOUT_RETURN_TYPE = YES_ERROR;
				GCC_WARN_UNDECLARED_SELECTOR = YES;
				GCC_WARN_UNINITIALIZED_AUTOS = YES_AGGRESSIVE;
				GCC_WARN_UNUSED_FUNCTION = YES;
				GCC_WARN_UNUSED_VARIABLE = YES;
				IPHONEOS_DEPLOYMENT_TARGET = 16.4;
				MTL_ENABLE_DEBUG_INFO = INCLUDE_SOURCE;
				MTL_FAST_MATH = YES;
				ONLY_ACTIVE_ARCH = YES;
				SDKROOT = iphoneos;
				SWIFT_ACTIVE_COMPILATION_CONDITIONS = DEBUG;
				SWIFT_OPTIMIZATION_LEVEL = "-Onone";
			};
			name = Debug;
		};
		08280D0729E4AD6300E22AF1 /* Release */ = {
			isa = XCBuildConfiguration;
			buildSettings = {
				ALWAYS_SEARCH_USER_PATHS = NO;
				CLANG_ANALYZER_NONNULL = YES;
				CLANG_ANALYZER_NUMBER_OBJECT_CONVERSION = YES_AGGRESSIVE;
				CLANG_CXX_LANGUAGE_STANDARD = "gnu++20";
				CLANG_ENABLE_MODULES = YES;
				CLANG_ENABLE_OBJC_ARC = YES;
				CLANG_ENABLE_OBJC_WEAK = YES;
				CLANG_WARN_BLOCK_CAPTURE_AUTORELEASING = YES;
				CLANG_WARN_BOOL_CONVERSION = YES;
				CLANG_WARN_COMMA = YES;
				CLANG_WARN_CONSTANT_CONVERSION = YES;
				CLANG_WARN_DEPRECATED_OBJC_IMPLEMENTATIONS = YES;
				CLANG_WARN_DIRECT_OBJC_ISA_USAGE = YES_ERROR;
				CLANG_WARN_DOCUMENTATION_COMMENTS = YES;
				CLANG_WARN_EMPTY_BODY = YES;
				CLANG_WARN_ENUM_CONVERSION = YES;
				CLANG_WARN_INFINITE_RECURSION = YES;
				CLANG_WARN_INT_CONVERSION = YES;
				CLANG_WARN_NON_LITERAL_NULL_CONVERSION = YES;
				CLANG_WARN_OBJC_IMPLICIT_RETAIN_SELF = YES;
				CLANG_WARN_OBJC_LITERAL_CONVERSION = YES;
				CLANG_WARN_OBJC_ROOT_CLASS = YES_ERROR;
				CLANG_WARN_QUOTED_INCLUDE_IN_FRAMEWORK_HEADER = YES;
				CLANG_WARN_RANGE_LOOP_ANALYSIS = YES;
				CLANG_WARN_STRICT_PROTOTYPES = YES;
				CLANG_WARN_SUSPICIOUS_MOVE = YES;
				CLANG_WARN_UNGUARDED_AVAILABILITY = YES_AGGRESSIVE;
				CLANG_WARN_UNREACHABLE_CODE = YES;
				CLANG_WARN__DUPLICATE_METHOD_MATCH = YES;
				COPY_PHASE_STRIP = NO;
				DEBUG_INFORMATION_FORMAT = "dwarf-with-dsym";
				ENABLE_NS_ASSERTIONS = NO;
				ENABLE_STRICT_OBJC_MSGSEND = YES;
				GCC_C_LANGUAGE_STANDARD = gnu11;
				GCC_NO_COMMON_BLOCKS = YES;
				GCC_WARN_64_TO_32_BIT_CONVERSION = YES;
				GCC_WARN_ABOUT_RETURN_TYPE = YES_ERROR;
				GCC_WARN_UNDECLARED_SELECTOR = YES;
				GCC_WARN_UNINITIALIZED_AUTOS = YES_AGGRESSIVE;
				GCC_WARN_UNUSED_FUNCTION = YES;
				GCC_WARN_UNUSED_VARIABLE = YES;
				IPHONEOS_DEPLOYMENT_TARGET = 16.4;
				MTL_ENABLE_DEBUG_INFO = NO;
				MTL_FAST_MATH = YES;
				SDKROOT = iphoneos;
				SWIFT_COMPILATION_MODE = wholemodule;
				SWIFT_OPTIMIZATION_LEVEL = "-O";
				VALIDATE_PRODUCT = YES;
			};
			name = Release;
		};
		08280D0929E4AD6300E22AF1 /* Debug */ = {
			isa = XCBuildConfiguration;
			buildSettings = {
				ASSETCATALOG_COMPILER_APPICON_NAME = AppIcon;
				ASSETCATALOG_COMPILER_GLOBAL_ACCENT_COLOR_NAME = AccentColor;
				ASSETCATALOG_COMPILER_INCLUDE_ALL_APPICON_ASSETS = YES;
				CODE_SIGN_STYLE = Automatic;
				CURRENT_PROJECT_VERSION = 1;
				DEVELOPMENT_ASSET_PATHS = "Unwind/Model/Preview\\ Content Unwind/Preview\\ Content";
				DEVELOPMENT_TEAM = C3BD4H8DKG;
				ENABLE_PREVIEWS = YES;
				GENERATE_INFOPLIST_FILE = YES;
				INFOPLIST_FILE = Unwind/Info.plist;
				INFOPLIST_KEY_CFBundleDisplayName = Unwind;
				INFOPLIST_KEY_LSApplicationCategoryType = "public.app-category.lifestyle";
				INFOPLIST_KEY_UIApplicationSceneManifest_Generation = YES;
				INFOPLIST_KEY_UIApplicationSupportsIndirectInputEvents = YES;
				INFOPLIST_KEY_UIRequiresFullScreen = YES;
				INFOPLIST_KEY_UIStatusBarStyle = UIStatusBarStyleDarkContent;
				INFOPLIST_KEY_UISupportedInterfaceOrientations = UIInterfaceOrientationPortrait;
				IPHONEOS_DEPLOYMENT_TARGET = 16.3;
				LD_RUNPATH_SEARCH_PATHS = (
					"$(inherited)",
					"@executable_path/Frameworks",
				);
				MARKETING_VERSION = 1.0;
				PRODUCT_BUNDLE_IDENTIFIER = com.Unwind.Unwind;
				PRODUCT_NAME = "$(TARGET_NAME)";
				SWIFT_EMIT_LOC_STRINGS = YES;
				SWIFT_VERSION = 5.0;
				TARGETED_DEVICE_FAMILY = "1,2";
			};
			name = Debug;
		};
		08280D0A29E4AD6300E22AF1 /* Release */ = {
			isa = XCBuildConfiguration;
			buildSettings = {
				ASSETCATALOG_COMPILER_APPICON_NAME = AppIcon;
				ASSETCATALOG_COMPILER_GLOBAL_ACCENT_COLOR_NAME = AccentColor;
				ASSETCATALOG_COMPILER_INCLUDE_ALL_APPICON_ASSETS = YES;
				CODE_SIGN_STYLE = Automatic;
				CURRENT_PROJECT_VERSION = 1;
				DEVELOPMENT_ASSET_PATHS = "Unwind/Model/Preview\\ Content Unwind/Preview\\ Content";
				DEVELOPMENT_TEAM = C3BD4H8DKG;
				ENABLE_PREVIEWS = YES;
				GENERATE_INFOPLIST_FILE = YES;
				INFOPLIST_FILE = Unwind/Info.plist;
				INFOPLIST_KEY_CFBundleDisplayName = Unwind;
				INFOPLIST_KEY_LSApplicationCategoryType = "public.app-category.lifestyle";
				INFOPLIST_KEY_UIApplicationSceneManifest_Generation = YES;
				INFOPLIST_KEY_UIApplicationSupportsIndirectInputEvents = YES;
				INFOPLIST_KEY_UIRequiresFullScreen = YES;
				INFOPLIST_KEY_UIStatusBarStyle = UIStatusBarStyleDarkContent;
				INFOPLIST_KEY_UISupportedInterfaceOrientations = UIInterfaceOrientationPortrait;
				IPHONEOS_DEPLOYMENT_TARGET = 16.3;
				LD_RUNPATH_SEARCH_PATHS = (
					"$(inherited)",
					"@executable_path/Frameworks",
				);
				MARKETING_VERSION = 1.0;
				PRODUCT_BUNDLE_IDENTIFIER = com.Unwind.Unwind;
				PRODUCT_NAME = "$(TARGET_NAME)";
				SWIFT_EMIT_LOC_STRINGS = YES;
				SWIFT_VERSION = 5.0;
				TARGETED_DEVICE_FAMILY = "1,2";
			};
			name = Release;
		};
		08280D0C29E4AD6300E22AF1 /* Debug */ = {
			isa = XCBuildConfiguration;
			buildSettings = {
				ALWAYS_EMBED_SWIFT_STANDARD_LIBRARIES = YES;
				BUNDLE_LOADER = "$(TEST_HOST)";
				CODE_SIGN_STYLE = Automatic;
				CURRENT_PROJECT_VERSION = 1;
				DEVELOPMENT_TEAM = C3BD4H8DKG;
				GENERATE_INFOPLIST_FILE = YES;
				IPHONEOS_DEPLOYMENT_TARGET = 16.4;
				MARKETING_VERSION = 1.0;
				PRODUCT_BUNDLE_IDENTIFIER = com.Unwind.UnwindTests;
				PRODUCT_NAME = "$(TARGET_NAME)";
				SWIFT_EMIT_LOC_STRINGS = NO;
				SWIFT_VERSION = 5.0;
				TARGETED_DEVICE_FAMILY = "1,2";
				TEST_HOST = "$(BUILT_PRODUCTS_DIR)/Unwind.app/$(BUNDLE_EXECUTABLE_FOLDER_PATH)/Unwind";
			};
			name = Debug;
		};
		08280D0D29E4AD6300E22AF1 /* Release */ = {
			isa = XCBuildConfiguration;
			buildSettings = {
				ALWAYS_EMBED_SWIFT_STANDARD_LIBRARIES = YES;
				BUNDLE_LOADER = "$(TEST_HOST)";
				CODE_SIGN_STYLE = Automatic;
				CURRENT_PROJECT_VERSION = 1;
				DEVELOPMENT_TEAM = C3BD4H8DKG;
				GENERATE_INFOPLIST_FILE = YES;
				IPHONEOS_DEPLOYMENT_TARGET = 16.4;
				MARKETING_VERSION = 1.0;
				PRODUCT_BUNDLE_IDENTIFIER = com.Unwind.UnwindTests;
				PRODUCT_NAME = "$(TARGET_NAME)";
				SWIFT_EMIT_LOC_STRINGS = NO;
				SWIFT_VERSION = 5.0;
				TARGETED_DEVICE_FAMILY = "1,2";
				TEST_HOST = "$(BUILT_PRODUCTS_DIR)/Unwind.app/$(BUNDLE_EXECUTABLE_FOLDER_PATH)/Unwind";
			};
			name = Release;
		};
		08280D0F29E4AD6300E22AF1 /* Debug */ = {
			isa = XCBuildConfiguration;
			buildSettings = {
				ALWAYS_EMBED_SWIFT_STANDARD_LIBRARIES = YES;
				CODE_SIGN_STYLE = Automatic;
				CURRENT_PROJECT_VERSION = 1;
				DEVELOPMENT_TEAM = C3BD4H8DKG;
				GENERATE_INFOPLIST_FILE = YES;
				MARKETING_VERSION = 1.0;
				PRODUCT_BUNDLE_IDENTIFIER = com.Unwind.UnwindUITests;
				PRODUCT_NAME = "$(TARGET_NAME)";
				SWIFT_EMIT_LOC_STRINGS = NO;
				SWIFT_VERSION = 5.0;
				TARGETED_DEVICE_FAMILY = "1,2";
				TEST_TARGET_NAME = Unwind;
			};
			name = Debug;
		};
		08280D1029E4AD6300E22AF1 /* Release */ = {
			isa = XCBuildConfiguration;
			buildSettings = {
				ALWAYS_EMBED_SWIFT_STANDARD_LIBRARIES = YES;
				CODE_SIGN_STYLE = Automatic;
				CURRENT_PROJECT_VERSION = 1;
				DEVELOPMENT_TEAM = C3BD4H8DKG;
				GENERATE_INFOPLIST_FILE = YES;
				MARKETING_VERSION = 1.0;
				PRODUCT_BUNDLE_IDENTIFIER = com.Unwind.UnwindUITests;
				PRODUCT_NAME = "$(TARGET_NAME)";
				SWIFT_EMIT_LOC_STRINGS = NO;
				SWIFT_VERSION = 5.0;
				TARGETED_DEVICE_FAMILY = "1,2";
				TEST_TARGET_NAME = Unwind;
			};
			name = Release;
		};
/* End XCBuildConfiguration section */

/* Begin XCConfigurationList section */
		08280CDF29E4AD6200E22AF1 /* Build configuration list for PBXProject "Unwind" */ = {
			isa = XCConfigurationList;
			buildConfigurations = (
				08280D0629E4AD6300E22AF1 /* Debug */,
				08280D0729E4AD6300E22AF1 /* Release */,
			);
			defaultConfigurationIsVisible = 0;
			defaultConfigurationName = Release;
		};
		08280D0829E4AD6300E22AF1 /* Build configuration list for PBXNativeTarget "Unwind" */ = {
			isa = XCConfigurationList;
			buildConfigurations = (
				08280D0929E4AD6300E22AF1 /* Debug */,
				08280D0A29E4AD6300E22AF1 /* Release */,
			);
			defaultConfigurationIsVisible = 0;
			defaultConfigurationName = Release;
		};
		08280D0B29E4AD6300E22AF1 /* Build configuration list for PBXNativeTarget "UnwindTests" */ = {
			isa = XCConfigurationList;
			buildConfigurations = (
				08280D0C29E4AD6300E22AF1 /* Debug */,
				08280D0D29E4AD6300E22AF1 /* Release */,
			);
			defaultConfigurationIsVisible = 0;
			defaultConfigurationName = Release;
		};
		08280D0E29E4AD6300E22AF1 /* Build configuration list for PBXNativeTarget "UnwindUITests" */ = {
			isa = XCConfigurationList;
			buildConfigurations = (
				08280D0F29E4AD6300E22AF1 /* Debug */,
				08280D1029E4AD6300E22AF1 /* Release */,
			);
			defaultConfigurationIsVisible = 0;
			defaultConfigurationName = Release;
		};
/* End XCConfigurationList section */
	};
	rootObject = 08280CDC29E4AD6200E22AF1 /* Project object */;
}
